
Microsoft Visual Studio Solution File, Format Version 11.00
# Visual Studio 2010
Project("{FAE04EC0-301F-11D3-BF4B-00C04F79EFBC}") = "01 VoidMethodWithoutAwaits", "VoidMethodWithoutAwaits\01 VoidMethodWithoutAwaits.csproj", "{A67F15CA-D32C-4511-B8B7-DCC3024D705C}"
EndProject
Project("{FAE04EC0-301F-11D3-BF4B-00C04F79EFBC}") = "02 NonGenericMethodWithoutAwaits", "NonGenericMethodWithoutAwaits\02 NonGenericMethodWithoutAwaits.csproj", "{D47A7B33-741B-4067-B49E-6FC78529460C}"
EndProject
Project("{FAE04EC0-301F-11D3-BF4B-00C04F79EFBC}") = "03 GenericMethodWithoutAwaits", "GenericMethodWithoutAwaits\03 GenericMethodWithoutAwaits.csproj", "{831C1E71-12F8-49D2-8336-208F0F5CF73E}"
EndProject
Project("{FAE04EC0-301F-11D3-BF4B-00C04F79EFBC}") = "04 SimpleVoidAwaitable", "SimpleVoidAwaitable\04 SimpleVoidAwaitable.csproj", "{56050292-F7CA-423F-BF61-759FB32C49B9}"
EndProject
Project("{FAE04EC0-301F-11D3-BF4B-00C04F79EFBC}") = "05 SimpleInt32Awaitable", "SimpleInt32Awaitable\05 SimpleInt32Awaitable.csproj", "{3579B2B6-96F0-47D9-A8C6-73E2C8DC9770}"
EndProject
Project("{FAE04EC0-301F-11D3-BF4B-00C04F79EFBC}") = "06 FirstTaskCompletionSource", "FirstTaskCompletionSource\06 FirstTaskCompletionSource.csproj", "{B62AF87A-56D3-4F7A-8A03-FBDEC526D7B1}"
EndProject
Project("{FAE04EC0-301F-11D3-BF4B-00C04F79EFBC}") = "07 TaskIntegration", "TaskIntegration\07 TaskIntegration.csproj", "{192996C3-4632-4915-8B64-CC49AA81B5EA}"
EndProject
Project("{FAE04EC0-301F-11D3-BF4B-00C04F79EFBC}") = "08 NaiveExceptions", "NaiveExceptions\08 NaiveExceptions.csproj", "{69FDEFD5-C0D8-410C-9DAC-2121239DB4C9}"
EndProject
Project("{FAE04EC0-301F-11D3-BF4B-00C04F79EFBC}") = "09 ExceptionUnwrapping", "ExceptionUnwrapping\09 ExceptionUnwrapping.csproj", "{710A5A43-3664-452A-B09F-84D7B82AD556}"
EndProject
Project("{FAE04EC0-301F-11D3-BF4B-00C04F79EFBC}") = "10 ExceptionRewrapping", "ExceptionRewrapping\10 ExceptionRewrapping.csproj", "{5DB416B8-6EE6-495D-AFB8-F27CEB2770DE}"
EndProject
Project("{FAE04EC0-301F-11D3-BF4B-00C04F79EFBC}") = "11 UnobservedExceptions", "UnobservedExceptions\11 UnobservedExceptions.csproj", "{29F10949-17AB-48C8-946C-D23BF5A47D49}"
EndProject
Project("{FAE04EC0-301F-11D3-BF4B-00C04F79EFBC}") = "12 ObservingAllExceptions", "ObservingAllExceptions\12 ObservingAllExceptions.csproj", "{C05C3551-956B-4B6E-9E19-0958F635E60A}"
EndProject
Global
	GlobalSection(SolutionConfigurationPlatforms) = preSolution
		Debug|Any CPU = Debug|Any CPU
		Debug|Mixed Platforms = Debug|Mixed Platforms
		Debug|x86 = Debug|x86
		Release|Any CPU = Release|Any CPU
		Release|Mixed Platforms = Release|Mixed Platforms
		Release|x86 = Release|x86
	EndGlobalSection
	GlobalSection(ProjectConfigurationPlatforms) = postSolution
		{A67F15CA-D32C-4511-B8B7-DCC3024D705C}.Debug|Any CPU.ActiveCfg = Debug|x86
		{A67F15CA-D32C-4511-B8B7-DCC3024D705C}.Debug|Mixed Platforms.ActiveCfg = Debug|x86
		{A67F15CA-D32C-4511-B8B7-DCC3024D705C}.Debug|Mixed Platforms.Build.0 = Debug|x86
		{A67F15CA-D32C-4511-B8B7-DCC3024D705C}.Debug|x86.ActiveCfg = Debug|x86
		{A67F15CA-D32C-4511-B8B7-DCC3024D705C}.Debug|x86.Build.0 = Debug|x86
		{A67F15CA-D32C-4511-B8B7-DCC3024D705C}.Release|Any CPU.ActiveCfg = Release|x86
		{A67F15CA-D32C-4511-B8B7-DCC3024D705C}.Release|Mixed Platforms.ActiveCfg = Release|x86
		{A67F15CA-D32C-4511-B8B7-DCC3024D705C}.Release|Mixed Platforms.Build.0 = Release|x86
		{A67F15CA-D32C-4511-B8B7-DCC3024D705C}.Release|x86.ActiveCfg = Release|x86
		{A67F15CA-D32C-4511-B8B7-DCC3024D705C}.Release|x86.Build.0 = Release|x86
		{D47A7B33-741B-4067-B49E-6FC78529460C}.Debug|Any CPU.ActiveCfg = Debug|x86
		{D47A7B33-741B-4067-B49E-6FC78529460C}.Debug|Mixed Platforms.ActiveCfg = Debug|x86
		{D47A7B33-741B-4067-B49E-6FC78529460C}.Debug|Mixed Platforms.Build.0 = Debug|x86
		{D47A7B33-741B-4067-B49E-6FC78529460C}.Debug|x86.ActiveCfg = Debug|x86
		{D47A7B33-741B-4067-B49E-6FC78529460C}.Debug|x86.Build.0 = Debug|x86
		{D47A7B33-741B-4067-B49E-6FC78529460C}.Release|Any CPU.ActiveCfg = Release|x86
		{D47A7B33-741B-4067-B49E-6FC78529460C}.Release|Mixed Platforms.ActiveCfg = Release|x86
		{D47A7B33-741B-4067-B49E-6FC78529460C}.Release|Mixed Platforms.Build.0 = Release|x86
		{D47A7B33-741B-4067-B49E-6FC78529460C}.Release|x86.ActiveCfg = Release|x86
		{D47A7B33-741B-4067-B49E-6FC78529460C}.Release|x86.Build.0 = Release|x86
		{831C1E71-12F8-49D2-8336-208F0F5CF73E}.Debug|Any CPU.ActiveCfg = Debug|Any CPU
		{831C1E71-12F8-49D2-8336-208F0F5CF73E}.Debug|Any CPU.Build.0 = Debug|Any CPU
		{831C1E71-12F8-49D2-8336-208F0F5CF73E}.Debug|Mixed Platforms.ActiveCfg = Debug|Any CPU
		{831C1E71-12F8-49D2-8336-208F0F5CF73E}.Debug|Mixed Platforms.Build.0 = Debug|Any CPU
		{831C1E71-12F8-49D2-8336-208F0F5CF73E}.Debug|x86.ActiveCfg = Debug|Any CPU
		{831C1E71-12F8-49D2-8336-208F0F5CF73E}.Release|Any CPU.ActiveCfg = Release|Any CPU
		{831C1E71-12F8-49D2-8336-208F0F5CF73E}.Release|Any CPU.Build.0 = Release|Any CPU
		{831C1E71-12F8-49D2-8336-208F0F5CF73E}.Release|Mixed Platforms.ActiveCfg = Release|Any CPU
		{831C1E71-12F8-49D2-8336-208F0F5CF73E}.Release|Mixed Platforms.Build.0 = Release|Any CPU
		{831C1E71-12F8-49D2-8336-208F0F5CF73E}.Release|x86.ActiveCfg = Release|Any CPU
		{56050292-F7CA-423F-BF61-759FB32C49B9}.Debug|Any CPU.ActiveCfg = Debug|Any CPU
		{56050292-F7CA-423F-BF61-759FB32C49B9}.Debug|Any CPU.Build.0 = Debug|Any CPU
		{56050292-F7CA-423F-BF61-759FB32C49B9}.Debug|Mixed Platforms.ActiveCfg = Debug|Any CPU
		{56050292-F7CA-423F-BF61-759FB32C49B9}.Debug|Mixed Platforms.Build.0 = Debug|Any CPU
		{56050292-F7CA-423F-BF61-759FB32C49B9}.Debug|x86.ActiveCfg = Debug|Any CPU
		{56050292-F7CA-423F-BF61-759FB32C49B9}.Release|Any CPU.ActiveCfg = Release|Any CPU
		{56050292-F7CA-423F-BF61-759FB32C49B9}.Release|Any CPU.Build.0 = Release|Any CPU
		{56050292-F7CA-423F-BF61-759FB32C49B9}.Release|Mixed Platforms.ActiveCfg = Release|Any CPU
		{56050292-F7CA-423F-BF61-759FB32C49B9}.Release|Mixed Platforms.Build.0 = Release|Any CPU
		{56050292-F7CA-423F-BF61-759FB32C49B9}.Release|x86.ActiveCfg = Release|Any CPU
		{3579B2B6-96F0-47D9-A8C6-73E2C8DC9770}.Debug|Any CPU.ActiveCfg = Debug|x86
		{3579B2B6-96F0-47D9-A8C6-73E2C8DC9770}.Debug|Mixed Platforms.ActiveCfg = Debug|x86
		{3579B2B6-96F0-47D9-A8C6-73E2C8DC9770}.Debug|Mixed Platforms.Build.0 = Debug|x86
		{3579B2B6-96F0-47D9-A8C6-73E2C8DC9770}.Debug|x86.ActiveCfg = Debug|x86
		{3579B2B6-96F0-47D9-A8C6-73E2C8DC9770}.Debug|x86.Build.0 = Debug|x86
		{3579B2B6-96F0-47D9-A8C6-73E2C8DC9770}.Release|Any CPU.ActiveCfg = Release|x86
		{3579B2B6-96F0-47D9-A8C6-73E2C8DC9770}.Release|Mixed Platforms.ActiveCfg = Release|x86
		{3579B2B6-96F0-47D9-A8C6-73E2C8DC9770}.Release|Mixed Platforms.Build.0 = Release|x86
		{3579B2B6-96F0-47D9-A8C6-73E2C8DC9770}.Release|x86.ActiveCfg = Release|x86
		{3579B2B6-96F0-47D9-A8C6-73E2C8DC9770}.Release|x86.Build.0 = Release|x86
		{B62AF87A-56D3-4F7A-8A03-FBDEC526D7B1}.Debug|Any CPU.ActiveCfg = Debug|x86
		{B62AF87A-56D3-4F7A-8A03-FBDEC526D7B1}.Debug|Mixed Platforms.ActiveCfg = Debug|x86
		{B62AF87A-56D3-4F7A-8A03-FBDEC526D7B1}.Debug|Mixed Platforms.Build.0 = Debug|x86
		{B62AF87A-56D3-4F7A-8A03-FBDEC526D7B1}.Debug|x86.ActiveCfg = Debug|x86
		{B62AF87A-56D3-4F7A-8A03-FBDEC526D7B1}.Debug|x86.Build.0 = Debug|x86
		{B62AF87A-56D3-4F7A-8A03-FBDEC526D7B1}.Release|Any CPU.ActiveCfg = Release|x86
		{B62AF87A-56D3-4F7A-8A03-FBDEC526D7B1}.Release|Mixed Platforms.ActiveCfg = Release|x86
		{B62AF87A-56D3-4F7A-8A03-FBDEC526D7B1}.Release|Mixed Platforms.Build.0 = Release|x86
		{B62AF87A-56D3-4F7A-8A03-FBDEC526D7B1}.Release|x86.ActiveCfg = Release|x86
		{B62AF87A-56D3-4F7A-8A03-FBDEC526D7B1}.Release|x86.Build.0 = Release|x86
		{192996C3-4632-4915-8B64-CC49AA81B5EA}.Debug|Any CPU.ActiveCfg = Debug|x86
		{192996C3-4632-4915-8B64-CC49AA81B5EA}.Debug|Mixed Platforms.ActiveCfg = Debug|x86
		{192996C3-4632-4915-8B64-CC49AA81B5EA}.Debug|Mixed Platforms.Build.0 = Debug|x86
		{192996C3-4632-4915-8B64-CC49AA81B5EA}.Debug|x86.ActiveCfg = Debug|x86
		{192996C3-4632-4915-8B64-CC49AA81B5EA}.Debug|x86.Build.0 = Debug|x86
		{192996C3-4632-4915-8B64-CC49AA81B5EA}.Release|Any CPU.ActiveCfg = Release|x86
		{192996C3-4632-4915-8B64-CC49AA81B5EA}.Release|Mixed Platforms.ActiveCfg = Release|x86
		{192996C3-4632-4915-8B64-CC49AA81B5EA}.Release|Mixed Platforms.Build.0 = Release|x86
		{192996C3-4632-4915-8B64-CC49AA81B5EA}.Release|x86.ActiveCfg = Release|x86
		{192996C3-4632-4915-8B64-CC49AA81B5EA}.Release|x86.Build.0 = Release|x86
		{69FDEFD5-C0D8-410C-9DAC-2121239DB4C9}.Debug|Any CPU.ActiveCfg = Debug|x86
		{69FDEFD5-C0D8-410C-9DAC-2121239DB4C9}.Debug|Mixed Platforms.ActiveCfg = Debug|x86
		{69FDEFD5-C0D8-410C-9DAC-2121239DB4C9}.Debug|Mixed Platforms.Build.0 = Debug|x86
		{69FDEFD5-C0D8-410C-9DAC-2121239DB4C9}.Debug|x86.ActiveCfg = Debug|x86
		{69FDEFD5-C0D8-410C-9DAC-2121239DB4C9}.Debug|x86.Build.0 = Debug|x86
		{69FDEFD5-C0D8-410C-9DAC-2121239DB4C9}.Release|Any CPU.ActiveCfg = Release|x86
		{69FDEFD5-C0D8-410C-9DAC-2121239DB4C9}.Release|Mixed Platforms.ActiveCfg = Release|x86
		{69FDEFD5-C0D8-410C-9DAC-2121239DB4C9}.Release|Mixed Platforms.Build.0 = Release|x86
		{69FDEFD5-C0D8-410C-9DAC-2121239DB4C9}.Release|x86.ActiveCfg = Release|x86
		{69FDEFD5-C0D8-410C-9DAC-2121239DB4C9}.Release|x86.Build.0 = Release|x86
		{710A5A43-3664-452A-B09F-84D7B82AD556}.Debug|Any CPU.ActiveCfg = Debug|x86
		{710A5A43-3664-452A-B09F-84D7B82AD556}.Debug|Mixed Platforms.ActiveCfg = Debug|x86
		{710A5A43-3664-452A-B09F-84D7B82AD556}.Debug|Mixed Platforms.Build.0 = Debug|x86
		{710A5A43-3664-452A-B09F-84D7B82AD556}.Debug|x86.ActiveCfg = Debug|x86
		{710A5A43-3664-452A-B09F-84D7B82AD556}.Debug|x86.Build.0 = Debug|x86
		{710A5A43-3664-452A-B09F-84D7B82AD556}.Release|Any CPU.ActiveCfg = Release|x86
		{710A5A43-3664-452A-B09F-84D7B82AD556}.Release|Mixed Platforms.ActiveCfg = Release|x86
		{710A5A43-3664-452A-B09F-84D7B82AD556}.Release|Mixed Platforms.Build.0 = Release|x86
		{710A5A43-3664-452A-B09F-84D7B82AD556}.Release|x86.ActiveCfg = Release|x86
		{710A5A43-3664-452A-B09F-84D7B82AD556}.Release|x86.Build.0 = Release|x86
		{5DB416B8-6EE6-495D-AFB8-F27CEB2770DE}.Debug|Any CPU.ActiveCfg = Debug|x86
		{5DB416B8-6EE6-495D-AFB8-F27CEB2770DE}.Debug|Mixed Platforms.ActiveCfg = Debug|x86
		{5DB416B8-6EE6-495D-AFB8-F27CEB2770DE}.Debug|Mixed Platforms.Build.0 = Debug|x86
		{5DB416B8-6EE6-495D-AFB8-F27CEB2770DE}.Debug|x86.ActiveCfg = Debug|x86
		{5DB416B8-6EE6-495D-AFB8-F27CEB2770DE}.Debug|x86.Build.0 = Debug|x86
		{5DB416B8-6EE6-495D-AFB8-F27CEB2770DE}.Release|Any CPU.ActiveCfg = Release|x86
		{5DB416B8-6EE6-495D-AFB8-F27CEB2770DE}.Release|Mixed Platforms.ActiveCfg = Release|x86
		{5DB416B8-6EE6-495D-AFB8-F27CEB2770DE}.Release|Mixed Platforms.Build.0 = Release|x86
		{5DB416B8-6EE6-495D-AFB8-F27CEB2770DE}.Release|x86.ActiveCfg = Release|x86
		{5DB416B8-6EE6-495D-AFB8-F27CEB2770DE}.Release|x86.Build.0 = Release|x86
		{29F10949-17AB-48C8-946C-D23BF5A47D49}.Debug|Any CPU.ActiveCfg = Debug|x86
		{29F10949-17AB-48C8-946C-D23BF5A47D49}.Debug|Mixed Platforms.ActiveCfg = Debug|x86
		{29F10949-17AB-48C8-946C-D23BF5A47D49}.Debug|Mixed Platforms.Build.0 = Debug|x86
		{29F10949-17AB-48C8-946C-D23BF5A47D49}.Debug|x86.ActiveCfg = Debug|x86
		{29F10949-17AB-48C8-946C-D23BF5A47D49}.Debug|x86.Build.0 = Debug|x86
		{29F10949-17AB-48C8-946C-D23BF5A47D49}.Release|Any CPU.ActiveCfg = Release|x86
		{29F10949-17AB-48C8-946C-D23BF5A47D49}.Release|Mixed Platforms.ActiveCfg = Release|x86
		{29F10949-17AB-48C8-946C-D23BF5A47D49}.Release|Mixed Platforms.Build.0 = Release|x86
		{29F10949-17AB-48C8-946C-D23BF5A47D49}.Release|x86.ActiveCfg = Release|x86
		{29F10949-17AB-48C8-946C-D23BF5A47D49}.Release|x86.Build.0 = Release|x86
		{C05C3551-956B-4B6E-9E19-0958F635E60A}.Debug|Any CPU.ActiveCfg = Debug|x86
		{C05C3551-956B-4B6E-9E19-0958F635E60A}.Debug|Mixed Platforms.ActiveCfg = Debug|x86
		{C05C3551-956B-4B6E-9E19-0958F635E60A}.Debug|Mixed Platforms.Build.0 = Debug|x86
		{C05C3551-956B-4B6E-9E19-0958F635E60A}.Debug|x86.ActiveCfg = Debug|x86
		{C05C3551-956B-4B6E-9E19-0958F635E60A}.Debug|x86.Build.0 = Debug|x86
		{C05C3551-956B-4B6E-9E19-0958F635E60A}.Release|Any CPU.ActiveCfg = Release|x86
		{C05C3551-956B-4B6E-9E19-0958F635E60A}.Release|Mixed Platforms.ActiveCfg = Release|x86
		{C05C3551-956B-4B6E-9E19-0958F635E60A}.Release|Mixed Platforms.Build.0 = Release|x86
		{C05C3551-956B-4B6E-9E19-0958F635E60A}.Release|x86.ActiveCfg = Release|x86
		{C05C3551-956B-4B6E-9E19-0958F635E60A}.Release|x86.Build.0 = Release|x86
	EndGlobalSection
	GlobalSection(SolutionProperties) = preSolution
		HideSolutionNode = FALSE
	EndGlobalSection
EndGlobal
