
Microsoft Visual Studio Solution File, Format Version 11.00
# Visual Studio 2010
Project("{FAE04EC0-301F-11D3-BF4B-00C04F79EFBC}") = "01 VoidMethodWithoutAwaits", "VoidMethodWithoutAwaits\01 VoidMethodWithoutAwaits.csproj", "{A67F15CA-D32C-4511-B8B7-DCC3024D705C}"
EndProject
Project("{FAE04EC0-301F-11D3-BF4B-00C04F79EFBC}") = "02 NonGenericMethodWithoutAwaits", "NonGenericMethodWithoutAwaits\02 NonGenericMethodWithoutAwaits.csproj", "{D47A7B33-741B-4067-B49E-6FC78529460C}"
EndProject
Project("{FAE04EC0-301F-11D3-BF4B-00C04F79EFBC}") = "03 GenericMethodWithoutAwaits", "GenericMethodWithoutAwaits\03 GenericMethodWithoutAwaits.csproj", "{831C1E71-12F8-49D2-8336-208F0F5CF73E}"
EndProject
Project("{FAE04EC0-301F-11D3-BF4B-00C04F79EFBC}") = "04 SimpleVoidAwaitable", "SimpleVoidAwaitable\04 SimpleVoidAwaitable.csproj", "{56050292-F7CA-423F-BF61-759FB32C49B9}"
EndProject
Project("{FAE04EC0-301F-11D3-BF4B-00C04F79EFBC}") = "05 SimpleInt32Awaitable", "SimpleInt32Awaitable\05 SimpleInt32Awaitable.csproj", "{3579B2B6-96F0-47D9-A8C6-73E2C8DC9770}"
EndProject
Project("{FAE04EC0-301F-11D3-BF4B-00C04F79EFBC}") = "06 FirstTaskCompletionSource", "FirstTaskCompletionSource\06 FirstTaskCompletionSource.csproj", "{B62AF87A-56D3-4F7A-8A03-FBDEC526D7B1}"
EndProject
Project("{FAE04EC0-301F-11D3-BF4B-00C04F79EFBC}") = "07 TaskIntegration", "TaskIntegration\07 TaskIntegration.csproj", "{192996C3-4632-4915-8B64-CC49AA81B5EA}"
EndProject
Project("{FAE04EC0-301F-11D3-BF4B-00C04F79EFBC}") = "13 NaiveExceptions", "NaiveExceptions\13 NaiveExceptions.csproj", "{69FDEFD5-C0D8-410C-9DAC-2121239DB4C9}"
EndProject
Project("{FAE04EC0-301F-11D3-BF4B-00C04F79EFBC}") = "14 ExceptionUnwrapping", "ExceptionUnwrapping\14 ExceptionUnwrapping.csproj", "{710A5A43-3664-452A-B09F-84D7B82AD556}"
EndProject
Project("{FAE04EC0-301F-11D3-BF4B-00C04F79EFBC}") = "15 ExceptionRewrapping", "ExceptionRewrapping\15 ExceptionRewrapping.csproj", "{5DB416B8-6EE6-495D-AFB8-F27CEB2770DE}"
EndProject
Project("{FAE04EC0-301F-11D3-BF4B-00C04F79EFBC}") = "16 UnobservedExceptions", "UnobservedExceptions\16 UnobservedExceptions.csproj", "{29F10949-17AB-48C8-946C-D23BF5A47D49}"
EndProject
Project("{FAE04EC0-301F-11D3-BF4B-00C04F79EFBC}") = "17 ObservingAllExceptions", "ObservingAllExceptions\17 ObservingAllExceptions.csproj", "{C05C3551-956B-4B6E-9E19-0958F635E60A}"
EndProject
Project("{FAE04EC0-301F-11D3-BF4B-00C04F79EFBC}") = "08 AsyncWithoutCompilerHelp", "AsyncWithoutCompilerHelp\08 AsyncWithoutCompilerHelp.csproj", "{9C2F8EFC-6BDC-413A-B11C-6172E6DC5585}"
EndProject
Project("{FAE04EC0-301F-11D3-BF4B-00C04F79EFBC}") = "09 SimpleStateMachine", "SimpleStateMachine\09 SimpleStateMachine.csproj", "{9BF416C1-0D4B-4239-9777-E2E166E1A3C1}"
EndProject
Project("{FAE04EC0-301F-11D3-BF4B-00C04F79EFBC}") = "10 ComplexStateMachine", "ComplexStateMachine\10 ComplexStateMachine.csproj", "{93DE3EFB-EE11-403F-8C16-10B3BE428033}"
EndProject
Project("{FAE04EC0-301F-11D3-BF4B-00C04F79EFBC}") = "11 MultiAwaitStateMachine", "MultiAwaitStateMachine\11 MultiAwaitStateMachine.csproj", "{D8F39E6F-F18F-488B-8923-0388E0F0B66D}"
EndProject
Project("{FAE04EC0-301F-11D3-BF4B-00C04F79EFBC}") = "12 CtpNestedAwaitsBug", "CtpNestedAwaitsBug\12 CtpNestedAwaitsBug.csproj", "{AF8427F4-F3AA-4A2B-8B1F-060A55004F32}"
EndProject
Project("{FAE04EC0-301F-11D3-BF4B-00C04F79EFBC}") = "18 IndependentCoroutines", "IndependentCoroutines\18 IndependentCoroutines.csproj", "{FC6201DC-3EE9-44A3-AC0D-F3F224CF1ADA}"
EndProject
Project("{FAE04EC0-301F-11D3-BF4B-00C04F79EFBC}") = "19 HomogeneousCoroutines", "HomogeneousCoroutines\19 HomogeneousCoroutines.csproj", "{CADC75FF-0CB4-4071-988E-8AB1C76B514D}"
EndProject
Project("{FAE04EC0-301F-11D3-BF4B-00C04F79EFBC}") = "21 GosubCoroutines", "GosubCoroutines\21 GosubCoroutines.csproj", "{45ED4299-8078-4E5F-8569-18886484F62D}"
EndProject
Project("{FAE04EC0-301F-11D3-BF4B-00C04F79EFBC}") = "20 PipelineCoroutines", "PipelineCoroutines\20 PipelineCoroutines.csproj", "{1BA21BDD-75FD-49C6-BC9C-0B76C0BBBD8C}"
EndProject
Project("{FAE04EC0-301F-11D3-BF4B-00C04F79EFBC}") = "22 ComeFromCoroutines", "ComeFromCoroutines\22 ComeFromCoroutines.csproj", "{648BF089-D03D-4D6F-9D79-D05015D8FB5C}"
EndProject
Project("{FAE04EC0-301F-11D3-BF4B-00C04F79EFBC}") = "23 StateSavingComeFrom", "StateSavingComeFrom\23 StateSavingComeFrom.csproj", "{281BD623-4070-4AC0-B04A-E698186330F6}"
EndProject
Project("{FAE04EC0-301F-11D3-BF4B-00C04F79EFBC}") = "24 DirectedCoroutines", "DirectedCoroutines\24 DirectedCoroutines.csproj", "{CBE8358C-AC2A-4316-B6CE-651AA39ACA4C}"
EndProject
Project("{FAE04EC0-301F-11D3-BF4B-00C04F79EFBC}") = "25 ConcurrentCoroutines", "ConcurrentCoroutines\25 ConcurrentCoroutines.csproj", "{DD691525-DA7E-4E17-95D1-A9EF76E0B104}"
EndProject
Project("{FAE04EC0-301F-11D3-BF4B-00C04F79EFBC}") = "26 MajorityVoting", "MajorityVoting\26 MajorityVoting.csproj", "{8EF7E475-E006-4B38-A602-1AF926905477}"
EndProject
Project("{FAE04EC0-301F-11D3-BF4B-00C04F79EFBC}") = "27 MajorityVoting.Tests", "MajorityVoting.Tests\27 MajorityVoting.Tests.csproj", "{949D08DF-FB0F-4FAC-BA10-BE49BEB62BD0}"
EndProject
Project("{FAE04EC0-301F-11D3-BF4B-00C04F79EFBC}") = "28 MagicOrdering", "MagicOrdering\28 MagicOrdering.csproj", "{353F7EBF-75AC-42B7-9555-51D32F0D50EC}"
EndProject
Global
	GlobalSection(SolutionConfigurationPlatforms) = preSolution
		Debug|Any CPU = Debug|Any CPU
		Debug|Mixed Platforms = Debug|Mixed Platforms
		Debug|x86 = Debug|x86
		Release|Any CPU = Release|Any CPU
		Release|Mixed Platforms = Release|Mixed Platforms
		Release|x86 = Release|x86
	EndGlobalSection
	GlobalSection(ProjectConfigurationPlatforms) = postSolution
		{A67F15CA-D32C-4511-B8B7-DCC3024D705C}.Debug|Any CPU.ActiveCfg = Debug|x86
		{A67F15CA-D32C-4511-B8B7-DCC3024D705C}.Debug|Mixed Platforms.ActiveCfg = Debug|x86
		{A67F15CA-D32C-4511-B8B7-DCC3024D705C}.Debug|Mixed Platforms.Build.0 = Debug|x86
		{A67F15CA-D32C-4511-B8B7-DCC3024D705C}.Debug|x86.ActiveCfg = Debug|x86
		{A67F15CA-D32C-4511-B8B7-DCC3024D705C}.Debug|x86.Build.0 = Debug|x86
		{A67F15CA-D32C-4511-B8B7-DCC3024D705C}.Release|Any CPU.ActiveCfg = Release|x86
		{A67F15CA-D32C-4511-B8B7-DCC3024D705C}.Release|Mixed Platforms.ActiveCfg = Release|x86
		{A67F15CA-D32C-4511-B8B7-DCC3024D705C}.Release|Mixed Platforms.Build.0 = Release|x86
		{A67F15CA-D32C-4511-B8B7-DCC3024D705C}.Release|x86.ActiveCfg = Release|x86
		{A67F15CA-D32C-4511-B8B7-DCC3024D705C}.Release|x86.Build.0 = Release|x86
		{D47A7B33-741B-4067-B49E-6FC78529460C}.Debug|Any CPU.ActiveCfg = Debug|x86
		{D47A7B33-741B-4067-B49E-6FC78529460C}.Debug|Mixed Platforms.ActiveCfg = Debug|x86
		{D47A7B33-741B-4067-B49E-6FC78529460C}.Debug|Mixed Platforms.Build.0 = Debug|x86
		{D47A7B33-741B-4067-B49E-6FC78529460C}.Debug|x86.ActiveCfg = Debug|x86
		{D47A7B33-741B-4067-B49E-6FC78529460C}.Debug|x86.Build.0 = Debug|x86
		{D47A7B33-741B-4067-B49E-6FC78529460C}.Release|Any CPU.ActiveCfg = Release|x86
		{D47A7B33-741B-4067-B49E-6FC78529460C}.Release|Mixed Platforms.ActiveCfg = Release|x86
		{D47A7B33-741B-4067-B49E-6FC78529460C}.Release|Mixed Platforms.Build.0 = Release|x86
		{D47A7B33-741B-4067-B49E-6FC78529460C}.Release|x86.ActiveCfg = Release|x86
		{D47A7B33-741B-4067-B49E-6FC78529460C}.Release|x86.Build.0 = Release|x86
		{831C1E71-12F8-49D2-8336-208F0F5CF73E}.Debug|Any CPU.ActiveCfg = Debug|Any CPU
		{831C1E71-12F8-49D2-8336-208F0F5CF73E}.Debug|Any CPU.Build.0 = Debug|Any CPU
		{831C1E71-12F8-49D2-8336-208F0F5CF73E}.Debug|Mixed Platforms.ActiveCfg = Debug|Any CPU
		{831C1E71-12F8-49D2-8336-208F0F5CF73E}.Debug|Mixed Platforms.Build.0 = Debug|Any CPU
		{831C1E71-12F8-49D2-8336-208F0F5CF73E}.Debug|x86.ActiveCfg = Debug|Any CPU
		{831C1E71-12F8-49D2-8336-208F0F5CF73E}.Release|Any CPU.ActiveCfg = Release|Any CPU
		{831C1E71-12F8-49D2-8336-208F0F5CF73E}.Release|Any CPU.Build.0 = Release|Any CPU
		{831C1E71-12F8-49D2-8336-208F0F5CF73E}.Release|Mixed Platforms.ActiveCfg = Release|Any CPU
		{831C1E71-12F8-49D2-8336-208F0F5CF73E}.Release|Mixed Platforms.Build.0 = Release|Any CPU
		{831C1E71-12F8-49D2-8336-208F0F5CF73E}.Release|x86.ActiveCfg = Release|Any CPU
		{56050292-F7CA-423F-BF61-759FB32C49B9}.Debug|Any CPU.ActiveCfg = Debug|Any CPU
		{56050292-F7CA-423F-BF61-759FB32C49B9}.Debug|Any CPU.Build.0 = Debug|Any CPU
		{56050292-F7CA-423F-BF61-759FB32C49B9}.Debug|Mixed Platforms.ActiveCfg = Debug|Any CPU
		{56050292-F7CA-423F-BF61-759FB32C49B9}.Debug|Mixed Platforms.Build.0 = Debug|Any CPU
		{56050292-F7CA-423F-BF61-759FB32C49B9}.Debug|x86.ActiveCfg = Debug|Any CPU
		{56050292-F7CA-423F-BF61-759FB32C49B9}.Release|Any CPU.ActiveCfg = Release|Any CPU
		{56050292-F7CA-423F-BF61-759FB32C49B9}.Release|Any CPU.Build.0 = Release|Any CPU
		{56050292-F7CA-423F-BF61-759FB32C49B9}.Release|Mixed Platforms.ActiveCfg = Release|Any CPU
		{56050292-F7CA-423F-BF61-759FB32C49B9}.Release|Mixed Platforms.Build.0 = Release|Any CPU
		{56050292-F7CA-423F-BF61-759FB32C49B9}.Release|x86.ActiveCfg = Release|Any CPU
		{3579B2B6-96F0-47D9-A8C6-73E2C8DC9770}.Debug|Any CPU.ActiveCfg = Debug|x86
		{3579B2B6-96F0-47D9-A8C6-73E2C8DC9770}.Debug|Mixed Platforms.ActiveCfg = Debug|x86
		{3579B2B6-96F0-47D9-A8C6-73E2C8DC9770}.Debug|Mixed Platforms.Build.0 = Debug|x86
		{3579B2B6-96F0-47D9-A8C6-73E2C8DC9770}.Debug|x86.ActiveCfg = Debug|x86
		{3579B2B6-96F0-47D9-A8C6-73E2C8DC9770}.Debug|x86.Build.0 = Debug|x86
		{3579B2B6-96F0-47D9-A8C6-73E2C8DC9770}.Release|Any CPU.ActiveCfg = Release|x86
		{3579B2B6-96F0-47D9-A8C6-73E2C8DC9770}.Release|Mixed Platforms.ActiveCfg = Release|x86
		{3579B2B6-96F0-47D9-A8C6-73E2C8DC9770}.Release|Mixed Platforms.Build.0 = Release|x86
		{3579B2B6-96F0-47D9-A8C6-73E2C8DC9770}.Release|x86.ActiveCfg = Release|x86
		{3579B2B6-96F0-47D9-A8C6-73E2C8DC9770}.Release|x86.Build.0 = Release|x86
		{B62AF87A-56D3-4F7A-8A03-FBDEC526D7B1}.Debug|Any CPU.ActiveCfg = Debug|x86
		{B62AF87A-56D3-4F7A-8A03-FBDEC526D7B1}.Debug|Mixed Platforms.ActiveCfg = Debug|x86
		{B62AF87A-56D3-4F7A-8A03-FBDEC526D7B1}.Debug|Mixed Platforms.Build.0 = Debug|x86
		{B62AF87A-56D3-4F7A-8A03-FBDEC526D7B1}.Debug|x86.ActiveCfg = Debug|x86
		{B62AF87A-56D3-4F7A-8A03-FBDEC526D7B1}.Debug|x86.Build.0 = Debug|x86
		{B62AF87A-56D3-4F7A-8A03-FBDEC526D7B1}.Release|Any CPU.ActiveCfg = Release|x86
		{B62AF87A-56D3-4F7A-8A03-FBDEC526D7B1}.Release|Mixed Platforms.ActiveCfg = Release|x86
		{B62AF87A-56D3-4F7A-8A03-FBDEC526D7B1}.Release|Mixed Platforms.Build.0 = Release|x86
		{B62AF87A-56D3-4F7A-8A03-FBDEC526D7B1}.Release|x86.ActiveCfg = Release|x86
		{B62AF87A-56D3-4F7A-8A03-FBDEC526D7B1}.Release|x86.Build.0 = Release|x86
		{192996C3-4632-4915-8B64-CC49AA81B5EA}.Debug|Any CPU.ActiveCfg = Debug|x86
		{192996C3-4632-4915-8B64-CC49AA81B5EA}.Debug|Mixed Platforms.ActiveCfg = Debug|x86
		{192996C3-4632-4915-8B64-CC49AA81B5EA}.Debug|Mixed Platforms.Build.0 = Debug|x86
		{192996C3-4632-4915-8B64-CC49AA81B5EA}.Debug|x86.ActiveCfg = Debug|x86
		{192996C3-4632-4915-8B64-CC49AA81B5EA}.Debug|x86.Build.0 = Debug|x86
		{192996C3-4632-4915-8B64-CC49AA81B5EA}.Release|Any CPU.ActiveCfg = Release|x86
		{192996C3-4632-4915-8B64-CC49AA81B5EA}.Release|Mixed Platforms.ActiveCfg = Release|x86
		{192996C3-4632-4915-8B64-CC49AA81B5EA}.Release|Mixed Platforms.Build.0 = Release|x86
		{192996C3-4632-4915-8B64-CC49AA81B5EA}.Release|x86.ActiveCfg = Release|x86
		{192996C3-4632-4915-8B64-CC49AA81B5EA}.Release|x86.Build.0 = Release|x86
		{69FDEFD5-C0D8-410C-9DAC-2121239DB4C9}.Debug|Any CPU.ActiveCfg = Debug|x86
		{69FDEFD5-C0D8-410C-9DAC-2121239DB4C9}.Debug|Mixed Platforms.ActiveCfg = Debug|x86
		{69FDEFD5-C0D8-410C-9DAC-2121239DB4C9}.Debug|Mixed Platforms.Build.0 = Debug|x86
		{69FDEFD5-C0D8-410C-9DAC-2121239DB4C9}.Debug|x86.ActiveCfg = Debug|x86
		{69FDEFD5-C0D8-410C-9DAC-2121239DB4C9}.Debug|x86.Build.0 = Debug|x86
		{69FDEFD5-C0D8-410C-9DAC-2121239DB4C9}.Release|Any CPU.ActiveCfg = Release|x86
		{69FDEFD5-C0D8-410C-9DAC-2121239DB4C9}.Release|Mixed Platforms.ActiveCfg = Release|x86
		{69FDEFD5-C0D8-410C-9DAC-2121239DB4C9}.Release|Mixed Platforms.Build.0 = Release|x86
		{69FDEFD5-C0D8-410C-9DAC-2121239DB4C9}.Release|x86.ActiveCfg = Release|x86
		{69FDEFD5-C0D8-410C-9DAC-2121239DB4C9}.Release|x86.Build.0 = Release|x86
		{710A5A43-3664-452A-B09F-84D7B82AD556}.Debug|Any CPU.ActiveCfg = Debug|x86
		{710A5A43-3664-452A-B09F-84D7B82AD556}.Debug|Mixed Platforms.ActiveCfg = Debug|x86
		{710A5A43-3664-452A-B09F-84D7B82AD556}.Debug|Mixed Platforms.Build.0 = Debug|x86
		{710A5A43-3664-452A-B09F-84D7B82AD556}.Debug|x86.ActiveCfg = Debug|x86
		{710A5A43-3664-452A-B09F-84D7B82AD556}.Debug|x86.Build.0 = Debug|x86
		{710A5A43-3664-452A-B09F-84D7B82AD556}.Release|Any CPU.ActiveCfg = Release|x86
		{710A5A43-3664-452A-B09F-84D7B82AD556}.Release|Mixed Platforms.ActiveCfg = Release|x86
		{710A5A43-3664-452A-B09F-84D7B82AD556}.Release|Mixed Platforms.Build.0 = Release|x86
		{710A5A43-3664-452A-B09F-84D7B82AD556}.Release|x86.ActiveCfg = Release|x86
		{710A5A43-3664-452A-B09F-84D7B82AD556}.Release|x86.Build.0 = Release|x86
		{5DB416B8-6EE6-495D-AFB8-F27CEB2770DE}.Debug|Any CPU.ActiveCfg = Debug|x86
		{5DB416B8-6EE6-495D-AFB8-F27CEB2770DE}.Debug|Mixed Platforms.ActiveCfg = Debug|x86
		{5DB416B8-6EE6-495D-AFB8-F27CEB2770DE}.Debug|Mixed Platforms.Build.0 = Debug|x86
		{5DB416B8-6EE6-495D-AFB8-F27CEB2770DE}.Debug|x86.ActiveCfg = Debug|x86
		{5DB416B8-6EE6-495D-AFB8-F27CEB2770DE}.Debug|x86.Build.0 = Debug|x86
		{5DB416B8-6EE6-495D-AFB8-F27CEB2770DE}.Release|Any CPU.ActiveCfg = Release|x86
		{5DB416B8-6EE6-495D-AFB8-F27CEB2770DE}.Release|Mixed Platforms.ActiveCfg = Release|x86
		{5DB416B8-6EE6-495D-AFB8-F27CEB2770DE}.Release|Mixed Platforms.Build.0 = Release|x86
		{5DB416B8-6EE6-495D-AFB8-F27CEB2770DE}.Release|x86.ActiveCfg = Release|x86
		{5DB416B8-6EE6-495D-AFB8-F27CEB2770DE}.Release|x86.Build.0 = Release|x86
		{29F10949-17AB-48C8-946C-D23BF5A47D49}.Debug|Any CPU.ActiveCfg = Debug|x86
		{29F10949-17AB-48C8-946C-D23BF5A47D49}.Debug|Mixed Platforms.ActiveCfg = Debug|x86
		{29F10949-17AB-48C8-946C-D23BF5A47D49}.Debug|Mixed Platforms.Build.0 = Debug|x86
		{29F10949-17AB-48C8-946C-D23BF5A47D49}.Debug|x86.ActiveCfg = Debug|x86
		{29F10949-17AB-48C8-946C-D23BF5A47D49}.Debug|x86.Build.0 = Debug|x86
		{29F10949-17AB-48C8-946C-D23BF5A47D49}.Release|Any CPU.ActiveCfg = Release|x86
		{29F10949-17AB-48C8-946C-D23BF5A47D49}.Release|Mixed Platforms.ActiveCfg = Release|x86
		{29F10949-17AB-48C8-946C-D23BF5A47D49}.Release|Mixed Platforms.Build.0 = Release|x86
		{29F10949-17AB-48C8-946C-D23BF5A47D49}.Release|x86.ActiveCfg = Release|x86
		{29F10949-17AB-48C8-946C-D23BF5A47D49}.Release|x86.Build.0 = Release|x86
		{C05C3551-956B-4B6E-9E19-0958F635E60A}.Debug|Any CPU.ActiveCfg = Debug|x86
		{C05C3551-956B-4B6E-9E19-0958F635E60A}.Debug|Mixed Platforms.ActiveCfg = Debug|x86
		{C05C3551-956B-4B6E-9E19-0958F635E60A}.Debug|Mixed Platforms.Build.0 = Debug|x86
		{C05C3551-956B-4B6E-9E19-0958F635E60A}.Debug|x86.ActiveCfg = Debug|x86
		{C05C3551-956B-4B6E-9E19-0958F635E60A}.Debug|x86.Build.0 = Debug|x86
		{C05C3551-956B-4B6E-9E19-0958F635E60A}.Release|Any CPU.ActiveCfg = Release|x86
		{C05C3551-956B-4B6E-9E19-0958F635E60A}.Release|Mixed Platforms.ActiveCfg = Release|x86
		{C05C3551-956B-4B6E-9E19-0958F635E60A}.Release|Mixed Platforms.Build.0 = Release|x86
		{C05C3551-956B-4B6E-9E19-0958F635E60A}.Release|x86.ActiveCfg = Release|x86
		{C05C3551-956B-4B6E-9E19-0958F635E60A}.Release|x86.Build.0 = Release|x86
		{9C2F8EFC-6BDC-413A-B11C-6172E6DC5585}.Debug|Any CPU.ActiveCfg = Debug|x86
		{9C2F8EFC-6BDC-413A-B11C-6172E6DC5585}.Debug|Mixed Platforms.ActiveCfg = Debug|x86
		{9C2F8EFC-6BDC-413A-B11C-6172E6DC5585}.Debug|Mixed Platforms.Build.0 = Debug|x86
		{9C2F8EFC-6BDC-413A-B11C-6172E6DC5585}.Debug|x86.ActiveCfg = Debug|x86
		{9C2F8EFC-6BDC-413A-B11C-6172E6DC5585}.Debug|x86.Build.0 = Debug|x86
		{9C2F8EFC-6BDC-413A-B11C-6172E6DC5585}.Release|Any CPU.ActiveCfg = Release|x86
		{9C2F8EFC-6BDC-413A-B11C-6172E6DC5585}.Release|Mixed Platforms.ActiveCfg = Release|x86
		{9C2F8EFC-6BDC-413A-B11C-6172E6DC5585}.Release|Mixed Platforms.Build.0 = Release|x86
		{9C2F8EFC-6BDC-413A-B11C-6172E6DC5585}.Release|x86.ActiveCfg = Release|x86
		{9C2F8EFC-6BDC-413A-B11C-6172E6DC5585}.Release|x86.Build.0 = Release|x86
		{9BF416C1-0D4B-4239-9777-E2E166E1A3C1}.Debug|Any CPU.ActiveCfg = Debug|x86
		{9BF416C1-0D4B-4239-9777-E2E166E1A3C1}.Debug|Mixed Platforms.ActiveCfg = Debug|x86
		{9BF416C1-0D4B-4239-9777-E2E166E1A3C1}.Debug|Mixed Platforms.Build.0 = Debug|x86
		{9BF416C1-0D4B-4239-9777-E2E166E1A3C1}.Debug|x86.ActiveCfg = Debug|x86
		{9BF416C1-0D4B-4239-9777-E2E166E1A3C1}.Debug|x86.Build.0 = Debug|x86
		{9BF416C1-0D4B-4239-9777-E2E166E1A3C1}.Release|Any CPU.ActiveCfg = Release|x86
		{9BF416C1-0D4B-4239-9777-E2E166E1A3C1}.Release|Mixed Platforms.ActiveCfg = Release|x86
		{9BF416C1-0D4B-4239-9777-E2E166E1A3C1}.Release|Mixed Platforms.Build.0 = Release|x86
		{9BF416C1-0D4B-4239-9777-E2E166E1A3C1}.Release|x86.ActiveCfg = Release|x86
		{9BF416C1-0D4B-4239-9777-E2E166E1A3C1}.Release|x86.Build.0 = Release|x86
		{93DE3EFB-EE11-403F-8C16-10B3BE428033}.Debug|Any CPU.ActiveCfg = Debug|x86
		{93DE3EFB-EE11-403F-8C16-10B3BE428033}.Debug|Mixed Platforms.ActiveCfg = Debug|x86
		{93DE3EFB-EE11-403F-8C16-10B3BE428033}.Debug|Mixed Platforms.Build.0 = Debug|x86
		{93DE3EFB-EE11-403F-8C16-10B3BE428033}.Debug|x86.ActiveCfg = Debug|x86
		{93DE3EFB-EE11-403F-8C16-10B3BE428033}.Debug|x86.Build.0 = Debug|x86
		{93DE3EFB-EE11-403F-8C16-10B3BE428033}.Release|Any CPU.ActiveCfg = Release|x86
		{93DE3EFB-EE11-403F-8C16-10B3BE428033}.Release|Mixed Platforms.ActiveCfg = Release|x86
		{93DE3EFB-EE11-403F-8C16-10B3BE428033}.Release|Mixed Platforms.Build.0 = Release|x86
		{93DE3EFB-EE11-403F-8C16-10B3BE428033}.Release|x86.ActiveCfg = Release|x86
		{93DE3EFB-EE11-403F-8C16-10B3BE428033}.Release|x86.Build.0 = Release|x86
		{D8F39E6F-F18F-488B-8923-0388E0F0B66D}.Debug|Any CPU.ActiveCfg = Debug|x86
		{D8F39E6F-F18F-488B-8923-0388E0F0B66D}.Debug|Mixed Platforms.ActiveCfg = Debug|x86
		{D8F39E6F-F18F-488B-8923-0388E0F0B66D}.Debug|Mixed Platforms.Build.0 = Debug|x86
		{D8F39E6F-F18F-488B-8923-0388E0F0B66D}.Debug|x86.ActiveCfg = Debug|x86
		{D8F39E6F-F18F-488B-8923-0388E0F0B66D}.Debug|x86.Build.0 = Debug|x86
		{D8F39E6F-F18F-488B-8923-0388E0F0B66D}.Release|Any CPU.ActiveCfg = Release|x86
		{D8F39E6F-F18F-488B-8923-0388E0F0B66D}.Release|Mixed Platforms.ActiveCfg = Release|x86
		{D8F39E6F-F18F-488B-8923-0388E0F0B66D}.Release|Mixed Platforms.Build.0 = Release|x86
		{D8F39E6F-F18F-488B-8923-0388E0F0B66D}.Release|x86.ActiveCfg = Release|x86
		{D8F39E6F-F18F-488B-8923-0388E0F0B66D}.Release|x86.Build.0 = Release|x86
		{AF8427F4-F3AA-4A2B-8B1F-060A55004F32}.Debug|Any CPU.ActiveCfg = Debug|x86
		{AF8427F4-F3AA-4A2B-8B1F-060A55004F32}.Debug|Mixed Platforms.ActiveCfg = Debug|x86
		{AF8427F4-F3AA-4A2B-8B1F-060A55004F32}.Debug|Mixed Platforms.Build.0 = Debug|x86
		{AF8427F4-F3AA-4A2B-8B1F-060A55004F32}.Debug|x86.ActiveCfg = Debug|x86
		{AF8427F4-F3AA-4A2B-8B1F-060A55004F32}.Debug|x86.Build.0 = Debug|x86
		{AF8427F4-F3AA-4A2B-8B1F-060A55004F32}.Release|Any CPU.ActiveCfg = Release|x86
		{AF8427F4-F3AA-4A2B-8B1F-060A55004F32}.Release|Mixed Platforms.ActiveCfg = Release|x86
		{AF8427F4-F3AA-4A2B-8B1F-060A55004F32}.Release|Mixed Platforms.Build.0 = Release|x86
		{AF8427F4-F3AA-4A2B-8B1F-060A55004F32}.Release|x86.ActiveCfg = Release|x86
		{AF8427F4-F3AA-4A2B-8B1F-060A55004F32}.Release|x86.Build.0 = Release|x86
		{FC6201DC-3EE9-44A3-AC0D-F3F224CF1ADA}.Debug|Any CPU.ActiveCfg = Debug|x86
		{FC6201DC-3EE9-44A3-AC0D-F3F224CF1ADA}.Debug|Mixed Platforms.ActiveCfg = Debug|x86
		{FC6201DC-3EE9-44A3-AC0D-F3F224CF1ADA}.Debug|Mixed Platforms.Build.0 = Debug|x86
		{FC6201DC-3EE9-44A3-AC0D-F3F224CF1ADA}.Debug|x86.ActiveCfg = Debug|x86
		{FC6201DC-3EE9-44A3-AC0D-F3F224CF1ADA}.Debug|x86.Build.0 = Debug|x86
		{FC6201DC-3EE9-44A3-AC0D-F3F224CF1ADA}.Release|Any CPU.ActiveCfg = Release|x86
		{FC6201DC-3EE9-44A3-AC0D-F3F224CF1ADA}.Release|Mixed Platforms.ActiveCfg = Release|x86
		{FC6201DC-3EE9-44A3-AC0D-F3F224CF1ADA}.Release|Mixed Platforms.Build.0 = Release|x86
		{FC6201DC-3EE9-44A3-AC0D-F3F224CF1ADA}.Release|x86.ActiveCfg = Release|x86
		{FC6201DC-3EE9-44A3-AC0D-F3F224CF1ADA}.Release|x86.Build.0 = Release|x86
		{CADC75FF-0CB4-4071-988E-8AB1C76B514D}.Debug|Any CPU.ActiveCfg = Debug|x86
		{CADC75FF-0CB4-4071-988E-8AB1C76B514D}.Debug|Mixed Platforms.ActiveCfg = Debug|x86
		{CADC75FF-0CB4-4071-988E-8AB1C76B514D}.Debug|Mixed Platforms.Build.0 = Debug|x86
		{CADC75FF-0CB4-4071-988E-8AB1C76B514D}.Debug|x86.ActiveCfg = Debug|x86
		{CADC75FF-0CB4-4071-988E-8AB1C76B514D}.Debug|x86.Build.0 = Debug|x86
		{CADC75FF-0CB4-4071-988E-8AB1C76B514D}.Release|Any CPU.ActiveCfg = Release|x86
		{CADC75FF-0CB4-4071-988E-8AB1C76B514D}.Release|Mixed Platforms.ActiveCfg = Release|x86
		{CADC75FF-0CB4-4071-988E-8AB1C76B514D}.Release|Mixed Platforms.Build.0 = Release|x86
		{CADC75FF-0CB4-4071-988E-8AB1C76B514D}.Release|x86.ActiveCfg = Release|x86
		{CADC75FF-0CB4-4071-988E-8AB1C76B514D}.Release|x86.Build.0 = Release|x86
		{45ED4299-8078-4E5F-8569-18886484F62D}.Debug|Any CPU.ActiveCfg = Debug|x86
		{45ED4299-8078-4E5F-8569-18886484F62D}.Debug|Mixed Platforms.ActiveCfg = Debug|x86
		{45ED4299-8078-4E5F-8569-18886484F62D}.Debug|Mixed Platforms.Build.0 = Debug|x86
		{45ED4299-8078-4E5F-8569-18886484F62D}.Debug|x86.ActiveCfg = Debug|x86
		{45ED4299-8078-4E5F-8569-18886484F62D}.Debug|x86.Build.0 = Debug|x86
		{45ED4299-8078-4E5F-8569-18886484F62D}.Release|Any CPU.ActiveCfg = Release|x86
		{45ED4299-8078-4E5F-8569-18886484F62D}.Release|Mixed Platforms.ActiveCfg = Release|x86
		{45ED4299-8078-4E5F-8569-18886484F62D}.Release|Mixed Platforms.Build.0 = Release|x86
		{45ED4299-8078-4E5F-8569-18886484F62D}.Release|x86.ActiveCfg = Release|x86
		{45ED4299-8078-4E5F-8569-18886484F62D}.Release|x86.Build.0 = Release|x86
		{1BA21BDD-75FD-49C6-BC9C-0B76C0BBBD8C}.Debug|Any CPU.ActiveCfg = Debug|x86
		{1BA21BDD-75FD-49C6-BC9C-0B76C0BBBD8C}.Debug|Mixed Platforms.ActiveCfg = Debug|x86
		{1BA21BDD-75FD-49C6-BC9C-0B76C0BBBD8C}.Debug|Mixed Platforms.Build.0 = Debug|x86
		{1BA21BDD-75FD-49C6-BC9C-0B76C0BBBD8C}.Debug|x86.ActiveCfg = Debug|x86
		{1BA21BDD-75FD-49C6-BC9C-0B76C0BBBD8C}.Debug|x86.Build.0 = Debug|x86
		{1BA21BDD-75FD-49C6-BC9C-0B76C0BBBD8C}.Release|Any CPU.ActiveCfg = Release|x86
		{1BA21BDD-75FD-49C6-BC9C-0B76C0BBBD8C}.Release|Mixed Platforms.ActiveCfg = Release|x86
		{1BA21BDD-75FD-49C6-BC9C-0B76C0BBBD8C}.Release|Mixed Platforms.Build.0 = Release|x86
		{1BA21BDD-75FD-49C6-BC9C-0B76C0BBBD8C}.Release|x86.ActiveCfg = Release|x86
		{1BA21BDD-75FD-49C6-BC9C-0B76C0BBBD8C}.Release|x86.Build.0 = Release|x86
		{648BF089-D03D-4D6F-9D79-D05015D8FB5C}.Debug|Any CPU.ActiveCfg = Debug|x86
		{648BF089-D03D-4D6F-9D79-D05015D8FB5C}.Debug|Mixed Platforms.ActiveCfg = Debug|x86
		{648BF089-D03D-4D6F-9D79-D05015D8FB5C}.Debug|Mixed Platforms.Build.0 = Debug|x86
		{648BF089-D03D-4D6F-9D79-D05015D8FB5C}.Debug|x86.ActiveCfg = Debug|x86
		{648BF089-D03D-4D6F-9D79-D05015D8FB5C}.Debug|x86.Build.0 = Debug|x86
		{648BF089-D03D-4D6F-9D79-D05015D8FB5C}.Release|Any CPU.ActiveCfg = Release|x86
		{648BF089-D03D-4D6F-9D79-D05015D8FB5C}.Release|Mixed Platforms.ActiveCfg = Release|x86
		{648BF089-D03D-4D6F-9D79-D05015D8FB5C}.Release|Mixed Platforms.Build.0 = Release|x86
		{648BF089-D03D-4D6F-9D79-D05015D8FB5C}.Release|x86.ActiveCfg = Release|x86
		{648BF089-D03D-4D6F-9D79-D05015D8FB5C}.Release|x86.Build.0 = Release|x86
		{281BD623-4070-4AC0-B04A-E698186330F6}.Debug|Any CPU.ActiveCfg = Debug|x86
		{281BD623-4070-4AC0-B04A-E698186330F6}.Debug|Mixed Platforms.ActiveCfg = Debug|x86
		{281BD623-4070-4AC0-B04A-E698186330F6}.Debug|Mixed Platforms.Build.0 = Debug|x86
		{281BD623-4070-4AC0-B04A-E698186330F6}.Debug|x86.ActiveCfg = Debug|x86
		{281BD623-4070-4AC0-B04A-E698186330F6}.Debug|x86.Build.0 = Debug|x86
		{281BD623-4070-4AC0-B04A-E698186330F6}.Release|Any CPU.ActiveCfg = Release|x86
		{281BD623-4070-4AC0-B04A-E698186330F6}.Release|Mixed Platforms.ActiveCfg = Release|x86
		{281BD623-4070-4AC0-B04A-E698186330F6}.Release|Mixed Platforms.Build.0 = Release|x86
		{281BD623-4070-4AC0-B04A-E698186330F6}.Release|x86.ActiveCfg = Release|x86
		{281BD623-4070-4AC0-B04A-E698186330F6}.Release|x86.Build.0 = Release|x86
		{CBE8358C-AC2A-4316-B6CE-651AA39ACA4C}.Debug|Any CPU.ActiveCfg = Debug|x86
		{CBE8358C-AC2A-4316-B6CE-651AA39ACA4C}.Debug|Mixed Platforms.ActiveCfg = Debug|x86
		{CBE8358C-AC2A-4316-B6CE-651AA39ACA4C}.Debug|Mixed Platforms.Build.0 = Debug|x86
		{CBE8358C-AC2A-4316-B6CE-651AA39ACA4C}.Debug|x86.ActiveCfg = Debug|x86
		{CBE8358C-AC2A-4316-B6CE-651AA39ACA4C}.Debug|x86.Build.0 = Debug|x86
		{CBE8358C-AC2A-4316-B6CE-651AA39ACA4C}.Release|Any CPU.ActiveCfg = Release|x86
		{CBE8358C-AC2A-4316-B6CE-651AA39ACA4C}.Release|Mixed Platforms.ActiveCfg = Release|x86
		{CBE8358C-AC2A-4316-B6CE-651AA39ACA4C}.Release|Mixed Platforms.Build.0 = Release|x86
		{CBE8358C-AC2A-4316-B6CE-651AA39ACA4C}.Release|x86.ActiveCfg = Release|x86
		{CBE8358C-AC2A-4316-B6CE-651AA39ACA4C}.Release|x86.Build.0 = Release|x86
		{DD691525-DA7E-4E17-95D1-A9EF76E0B104}.Debug|Any CPU.ActiveCfg = Debug|x86
		{DD691525-DA7E-4E17-95D1-A9EF76E0B104}.Debug|Mixed Platforms.ActiveCfg = Debug|x86
		{DD691525-DA7E-4E17-95D1-A9EF76E0B104}.Debug|Mixed Platforms.Build.0 = Debug|x86
		{DD691525-DA7E-4E17-95D1-A9EF76E0B104}.Debug|x86.ActiveCfg = Debug|x86
		{DD691525-DA7E-4E17-95D1-A9EF76E0B104}.Debug|x86.Build.0 = Debug|x86
		{DD691525-DA7E-4E17-95D1-A9EF76E0B104}.Release|Any CPU.ActiveCfg = Release|x86
		{DD691525-DA7E-4E17-95D1-A9EF76E0B104}.Release|Mixed Platforms.ActiveCfg = Release|x86
		{DD691525-DA7E-4E17-95D1-A9EF76E0B104}.Release|Mixed Platforms.Build.0 = Release|x86
		{DD691525-DA7E-4E17-95D1-A9EF76E0B104}.Release|x86.ActiveCfg = Release|x86
		{DD691525-DA7E-4E17-95D1-A9EF76E0B104}.Release|x86.Build.0 = Release|x86
		{8EF7E475-E006-4B38-A602-1AF926905477}.Debug|Any CPU.ActiveCfg = Debug|Any CPU
		{8EF7E475-E006-4B38-A602-1AF926905477}.Debug|Any CPU.Build.0 = Debug|Any CPU
		{8EF7E475-E006-4B38-A602-1AF926905477}.Debug|Mixed Platforms.ActiveCfg = Debug|Any CPU
		{8EF7E475-E006-4B38-A602-1AF926905477}.Debug|Mixed Platforms.Build.0 = Debug|Any CPU
		{8EF7E475-E006-4B38-A602-1AF926905477}.Debug|x86.ActiveCfg = Debug|Any CPU
		{8EF7E475-E006-4B38-A602-1AF926905477}.Release|Any CPU.ActiveCfg = Release|Any CPU
		{8EF7E475-E006-4B38-A602-1AF926905477}.Release|Any CPU.Build.0 = Release|Any CPU
		{8EF7E475-E006-4B38-A602-1AF926905477}.Release|Mixed Platforms.ActiveCfg = Release|Any CPU
		{8EF7E475-E006-4B38-A602-1AF926905477}.Release|Mixed Platforms.Build.0 = Release|Any CPU
		{8EF7E475-E006-4B38-A602-1AF926905477}.Release|x86.ActiveCfg = Release|Any CPU
		{949D08DF-FB0F-4FAC-BA10-BE49BEB62BD0}.Debug|Any CPU.ActiveCfg = Debug|Any CPU
		{949D08DF-FB0F-4FAC-BA10-BE49BEB62BD0}.Debug|Any CPU.Build.0 = Debug|Any CPU
		{949D08DF-FB0F-4FAC-BA10-BE49BEB62BD0}.Debug|Mixed Platforms.ActiveCfg = Debug|Any CPU
		{949D08DF-FB0F-4FAC-BA10-BE49BEB62BD0}.Debug|Mixed Platforms.Build.0 = Debug|Any CPU
		{949D08DF-FB0F-4FAC-BA10-BE49BEB62BD0}.Debug|x86.ActiveCfg = Debug|Any CPU
		{949D08DF-FB0F-4FAC-BA10-BE49BEB62BD0}.Release|Any CPU.ActiveCfg = Release|Any CPU
		{949D08DF-FB0F-4FAC-BA10-BE49BEB62BD0}.Release|Any CPU.Build.0 = Release|Any CPU
		{949D08DF-FB0F-4FAC-BA10-BE49BEB62BD0}.Release|Mixed Platforms.ActiveCfg = Release|Any CPU
		{949D08DF-FB0F-4FAC-BA10-BE49BEB62BD0}.Release|Mixed Platforms.Build.0 = Release|Any CPU
		{949D08DF-FB0F-4FAC-BA10-BE49BEB62BD0}.Release|x86.ActiveCfg = Release|Any CPU
		{353F7EBF-75AC-42B7-9555-51D32F0D50EC}.Debug|Any CPU.ActiveCfg = Debug|x86
		{353F7EBF-75AC-42B7-9555-51D32F0D50EC}.Debug|Mixed Platforms.ActiveCfg = Debug|x86
		{353F7EBF-75AC-42B7-9555-51D32F0D50EC}.Debug|Mixed Platforms.Build.0 = Debug|x86
		{353F7EBF-75AC-42B7-9555-51D32F0D50EC}.Debug|x86.ActiveCfg = Debug|x86
		{353F7EBF-75AC-42B7-9555-51D32F0D50EC}.Debug|x86.Build.0 = Debug|x86
		{353F7EBF-75AC-42B7-9555-51D32F0D50EC}.Release|Any CPU.ActiveCfg = Release|x86
		{353F7EBF-75AC-42B7-9555-51D32F0D50EC}.Release|Mixed Platforms.ActiveCfg = Release|x86
		{353F7EBF-75AC-42B7-9555-51D32F0D50EC}.Release|Mixed Platforms.Build.0 = Release|x86
		{353F7EBF-75AC-42B7-9555-51D32F0D50EC}.Release|x86.ActiveCfg = Release|x86
		{353F7EBF-75AC-42B7-9555-51D32F0D50EC}.Release|x86.Build.0 = Release|x86
	EndGlobalSection
	GlobalSection(SolutionProperties) = preSolution
		HideSolutionNode = FALSE
	EndGlobalSection
EndGlobal
